
Microsoft Visual Studio Solution File, Format Version 12.00
# Visual Studio Version 17
VisualStudioVersion = 17.8.34525.116
MinimumVisualStudioVersion = 10.0.40219.1
Project("{8BC9CEB8-8B4A-11D0-8D11-00A0C91BC942}") = "lumix_test", "lumix_test.vcxproj", "{DB19FD7B-F56A-4D9B-A9F9-10C3740847D3}"
EndProject
Global
	GlobalSection(SolutionConfigurationPlatforms) = preSolution
		Debug|x64 = Debug|x64
		Debug|x86 = Debug|x86
		Release|x64 = Release|x64
		Release|x86 = Release|x86
	EndGlobalSection
	GlobalSection(ProjectConfigurationPlatforms) = postSolution
		{DB19FD7B-F56A-4D9B-A9F9-10C3740847D3}.Debug|x64.ActiveCfg = Debug|x64
		{DB19FD7B-F56A-4D9B-A9F9-10C3740847D3}.Debug|x64.Build.0 = Debug|x64
		{DB19FD7B-F56A-4D9B-A9F9-10C3740847D3}.Debug|x86.ActiveCfg = Debug|Win32
		{DB19FD7B-F56A-4D9B-A9F9-10C3740847D3}.Debug|x86.Build.0 = Debug|Win32
		{DB19FD7B-F56A-4D9B-A9F9-10C3740847D3}.Release|x64.ActiveCfg = Release|x64
		{DB19FD7B-F56A-4D9B-A9F9-10C3740847D3}.Release|x64.Build.0 = Release|x64
		{DB19FD7B-F56A-4D9B-A9F9-10C3740847D3}.Release|x86.ActiveCfg = Release|Win32
		{DB19FD7B-F56A-4D9B-A9F9-10C3740847D3}.Release|x86.Build.0 = Release|Win32
	EndGlobalSection
	GlobalSection(SolutionProperties) = preSolution
		HideSolutionNode = FALSE
	EndGlobalSection
	GlobalSection(ExtensibilityGlobals) = postSolution
		SolutionGuid = {7CF2826B-17AF-451D-A015-E7D0648B2556}
	EndGlobalSection
EndGlobal
